
Microsoft Visual Studio Solution File, Format Version 12.00
# Visual Studio Version 17
VisualStudioVersion = 17.0.32014.148
MinimumVisualStudioVersion = 10.0.40219.1
Project("{9A19103F-16F7-4668-BE54-9A1E7A4F7556}") = "DTLib", "DTLib\DTLib.csproj", "{B620E5E9-800F-4B2D-B4A5-062E05DB704F}"
EndProject
Project("{9A19103F-16F7-4668-BE54-9A1E7A4F7556}") = "DTLib.Tests", "DTLib.Tests\DTLib.Tests.csproj", "{72BA37EF-07EC-4D34-966A-20D5E83ADB32}"
EndProject
Project("{FAE04EC0-301F-11D3-BF4B-00C04F79EFBC}") = "DTLib.Dtsod", "DTLib.Dtsod\DTLib.Dtsod.csproj", "{ADE425F5-8645-47F0-9AA8-33FA748D36BE}"
EndProject
Project("{FAE04EC0-301F-11D3-BF4B-00C04F79EFBC}") = "DTLib.Network", "DTLib.Network\DTLib.Network.csproj", "{24B7D0A2-0462-424D-B3F5-29A6655FE472}"
EndProject
Project("{FAE04EC0-301F-11D3-BF4B-00C04F79EFBC}") = "DTLib.Logging", "DTLib.Logging\DTLib.Logging.csproj", "{00B76172-32BB-4B72-9891-47FAEF63386C}"
EndProject
Project("{FAE04EC0-301F-11D3-BF4B-00C04F79EFBC}") = "DTLib.Ben.Demystifier", "DTLib.Ben.Demystifier\DTLib.Ben.Demystifier.csproj", "{AC7CB524-4D59-42E0-9F96-1C201A92494B}"
EndProject
Project("{2150E333-8FDC-42A3-9474-1A3956D46DE8}") = "Solution Items", "Solution Items", "{6308F24E-A4FF-46B3-B72F-30E05DDCB1D5}"
	ProjectSection(SolutionItems) = preProject
		README.md = README.md
		.gitignore = .gitignore
		.gitmodules = .gitmodules
		LICENSE = LICENSE
	EndProjectSection
EndProject
Global
	GlobalSection(SolutionConfigurationPlatforms) = preSolution
		Debug|Any CPU = Debug|Any CPU
		Release|Any CPU = Release|Any CPU
	EndGlobalSection
	GlobalSection(ProjectConfigurationPlatforms) = postSolution
		{B620E5E9-800F-4B2D-B4A5-062E05DB704F}.Debug|Any CPU.ActiveCfg = Debug|Any CPU
		{B620E5E9-800F-4B2D-B4A5-062E05DB704F}.Debug|Any CPU.Build.0 = Debug|Any CPU
		{B620E5E9-800F-4B2D-B4A5-062E05DB704F}.Release|Any CPU.ActiveCfg = Release|Any CPU
		{B620E5E9-800F-4B2D-B4A5-062E05DB704F}.Release|Any CPU.Build.0 = Release|Any CPU
		{72BA37EF-07EC-4D34-966A-20D5E83ADB32}.Debug|Any CPU.ActiveCfg = Debug|Any CPU
		{72BA37EF-07EC-4D34-966A-20D5E83ADB32}.Debug|Any CPU.Build.0 = Debug|Any CPU
		{72BA37EF-07EC-4D34-966A-20D5E83ADB32}.Release|Any CPU.ActiveCfg = Release|Any CPU
		{72BA37EF-07EC-4D34-966A-20D5E83ADB32}.Release|Any CPU.Build.0 = Release|Any CPU
		{ADE425F5-8645-47F0-9AA8-33FA748D36BE}.Debug|Any CPU.ActiveCfg = Debug|Any CPU
		{ADE425F5-8645-47F0-9AA8-33FA748D36BE}.Debug|Any CPU.Build.0 = Debug|Any CPU
		{ADE425F5-8645-47F0-9AA8-33FA748D36BE}.Release|Any CPU.ActiveCfg = Release|Any CPU
		{ADE425F5-8645-47F0-9AA8-33FA748D36BE}.Release|Any CPU.Build.0 = Release|Any CPU
		{24B7D0A2-0462-424D-B3F5-29A6655FE472}.Debug|Any CPU.ActiveCfg = Debug|Any CPU
		{24B7D0A2-0462-424D-B3F5-29A6655FE472}.Debug|Any CPU.Build.0 = Debug|Any CPU
		{24B7D0A2-0462-424D-B3F5-29A6655FE472}.Release|Any CPU.ActiveCfg = Release|Any CPU
		{24B7D0A2-0462-424D-B3F5-29A6655FE472}.Release|Any CPU.Build.0 = Release|Any CPU
		{00B76172-32BB-4B72-9891-47FAEF63386C}.Debug|Any CPU.ActiveCfg = Debug|Any CPU
		{00B76172-32BB-4B72-9891-47FAEF63386C}.Debug|Any CPU.Build.0 = Debug|Any CPU
		{00B76172-32BB-4B72-9891-47FAEF63386C}.Release|Any CPU.ActiveCfg = Release|Any CPU
		{00B76172-32BB-4B72-9891-47FAEF63386C}.Release|Any CPU.Build.0 = Release|Any CPU
		{AC7CB524-4D59-42E0-9F96-1C201A92494B}.Debug|Any CPU.ActiveCfg = Debug|Any CPU
		{AC7CB524-4D59-42E0-9F96-1C201A92494B}.Debug|Any CPU.Build.0 = Debug|Any CPU
		{AC7CB524-4D59-42E0-9F96-1C201A92494B}.Release|Any CPU.ActiveCfg = Release|Any CPU
		{AC7CB524-4D59-42E0-9F96-1C201A92494B}.Release|Any CPU.Build.0 = Release|Any CPU
	EndGlobalSection
	GlobalSection(SolutionProperties) = preSolution
		HideSolutionNode = FALSE
	EndGlobalSection
	GlobalSection(ExtensibilityGlobals) = postSolution
		SolutionGuid = {6D0413D6-AF96-46C3-9E67-858AE2482818}
	EndGlobalSection
EndGlobal
